
Microsoft Visual Studio Solution File, Format Version 12.00
# Visual Studio Version 17
VisualStudioVersion = 17.8.34330.188
MinimumVisualStudioVersion = 10.0.40219.1
Project("{9A19103F-16F7-4668-BE54-9A1E7A4F7556}") = "Sparky", "Sparky\Sparky.csproj", "{17752A6C-2C65-4117-8E58-E4557561ABCA}"
EndProject
Project("{9A19103F-16F7-4668-BE54-9A1E7A4F7556}") = "SparkyMsTest", "SparkyMsTest\SparkyMsTest.csproj", "{8D353A1A-EDC4-41A3-83DA-EEF06476B3CF}"
EndProject
Project("{9A19103F-16F7-4668-BE54-9A1E7A4F7556}") = "SparkyNUnitTest", "SparkyNUnitTest\SparkyNUnitTest.csproj", "{C6524F4D-98E6-4EE1-AD3F-3AD8BA5DA390}"
EndProject
Project("{9A19103F-16F7-4668-BE54-9A1E7A4F7556}") = "SparkyXUnit", "SparkyXUnit\SparkyXUnit.csproj", "{E2FE3F36-7245-4144-90F5-6563BE65564F}"
EndProject
Project("{2150E333-8FDC-42A3-9474-1A3956D46DE8}") = "Basic Foundation", "Basic Foundation", "{C8503B37-6CE0-413D-A46E-1C0A22E93C2F}"
EndProject
Project("{2150E333-8FDC-42A3-9474-1A3956D46DE8}") = "BongoWeb", "BongoWeb", "{70222ACF-213D-44F2-B699-2CDD2AEA6803}"
EndProject
Project("{9A19103F-16F7-4668-BE54-9A1E7A4F7556}") = "Bongo.Web", "Bongo.Web\Bongo.Web.csproj", "{3ABF816B-76D1-4C98-8A17-7DC334B2DA19}"
EndProject
Project("{9A19103F-16F7-4668-BE54-9A1E7A4F7556}") = "Bongo.DataAccess", "Bongo.DataAccess\Bongo.DataAccess.csproj", "{78FBF40A-E21D-4A59-ABD7-A2D002FA63EF}"
EndProject
Project("{9A19103F-16F7-4668-BE54-9A1E7A4F7556}") = "Bongo.Models", "Bongo.Models\Bongo.Models.csproj", "{9E1926E7-840E-4F31-B474-35B2CF9808E2}"
EndProject
Project("{9A19103F-16F7-4668-BE54-9A1E7A4F7556}") = "Bongo.Core", "Bongo.Core\Bongo.Core.csproj", "{B262EF32-0F4F-4C50-89AF-952A7526ABE1}"
EndProject
Project("{9A19103F-16F7-4668-BE54-9A1E7A4F7556}") = "Bongo.Models.Tests", "Bongo.Models.Tests\Bongo.Models.Tests.csproj", "{60232C01-2216-44E8-AF88-A726C9AFC8D1}"
EndProject
Project("{9A19103F-16F7-4668-BE54-9A1E7A4F7556}") = "Bongo.DataAccess.Tests", "Bongo.DataAccess.Tests\Bongo.DataAccess.Tests.csproj", "{D49F0909-B7F4-48B7-B691-CF13E5A4890C}"
EndProject
Project("{9A19103F-16F7-4668-BE54-9A1E7A4F7556}") = "Bongo.Core.Tests", "Bongo.Core.Tests\Bongo.Core.Tests.csproj", "{25C99C09-44D6-435A-B320-6B1669697A4B}"
EndProject
Project("{FAE04EC0-301F-11D3-BF4B-00C04F79EFBC}") = "Bongo.Web.Test", "Bongo.Web.Test\Bongo.Web.Test.csproj", "{BA3CC861-EC8C-4BF1-9E6A-DF54611C81D8}"
EndProject
Global
	GlobalSection(SolutionConfigurationPlatforms) = preSolution
		Debug|Any CPU = Debug|Any CPU
		Release|Any CPU = Release|Any CPU
	EndGlobalSection
	GlobalSection(ProjectConfigurationPlatforms) = postSolution
		{17752A6C-2C65-4117-8E58-E4557561ABCA}.Debug|Any CPU.ActiveCfg = Debug|Any CPU
		{17752A6C-2C65-4117-8E58-E4557561ABCA}.Debug|Any CPU.Build.0 = Debug|Any CPU
		{17752A6C-2C65-4117-8E58-E4557561ABCA}.Release|Any CPU.ActiveCfg = Release|Any CPU
		{17752A6C-2C65-4117-8E58-E4557561ABCA}.Release|Any CPU.Build.0 = Release|Any CPU
		{8D353A1A-EDC4-41A3-83DA-EEF06476B3CF}.Debug|Any CPU.ActiveCfg = Debug|Any CPU
		{8D353A1A-EDC4-41A3-83DA-EEF06476B3CF}.Debug|Any CPU.Build.0 = Debug|Any CPU
		{8D353A1A-EDC4-41A3-83DA-EEF06476B3CF}.Release|Any CPU.ActiveCfg = Release|Any CPU
		{8D353A1A-EDC4-41A3-83DA-EEF06476B3CF}.Release|Any CPU.Build.0 = Release|Any CPU
		{C6524F4D-98E6-4EE1-AD3F-3AD8BA5DA390}.Debug|Any CPU.ActiveCfg = Debug|Any CPU
		{C6524F4D-98E6-4EE1-AD3F-3AD8BA5DA390}.Debug|Any CPU.Build.0 = Debug|Any CPU
		{C6524F4D-98E6-4EE1-AD3F-3AD8BA5DA390}.Release|Any CPU.ActiveCfg = Release|Any CPU
		{C6524F4D-98E6-4EE1-AD3F-3AD8BA5DA390}.Release|Any CPU.Build.0 = Release|Any CPU
		{E2FE3F36-7245-4144-90F5-6563BE65564F}.Debug|Any CPU.ActiveCfg = Debug|Any CPU
		{E2FE3F36-7245-4144-90F5-6563BE65564F}.Debug|Any CPU.Build.0 = Debug|Any CPU
		{E2FE3F36-7245-4144-90F5-6563BE65564F}.Release|Any CPU.ActiveCfg = Release|Any CPU
		{E2FE3F36-7245-4144-90F5-6563BE65564F}.Release|Any CPU.Build.0 = Release|Any CPU
		{3ABF816B-76D1-4C98-8A17-7DC334B2DA19}.Debug|Any CPU.ActiveCfg = Debug|Any CPU
		{3ABF816B-76D1-4C98-8A17-7DC334B2DA19}.Debug|Any CPU.Build.0 = Debug|Any CPU
		{3ABF816B-76D1-4C98-8A17-7DC334B2DA19}.Release|Any CPU.ActiveCfg = Release|Any CPU
		{3ABF816B-76D1-4C98-8A17-7DC334B2DA19}.Release|Any CPU.Build.0 = Release|Any CPU
		{78FBF40A-E21D-4A59-ABD7-A2D002FA63EF}.Debug|Any CPU.ActiveCfg = Debug|Any CPU
		{78FBF40A-E21D-4A59-ABD7-A2D002FA63EF}.Debug|Any CPU.Build.0 = Debug|Any CPU
		{78FBF40A-E21D-4A59-ABD7-A2D002FA63EF}.Release|Any CPU.ActiveCfg = Release|Any CPU
		{78FBF40A-E21D-4A59-ABD7-A2D002FA63EF}.Release|Any CPU.Build.0 = Release|Any CPU
		{9E1926E7-840E-4F31-B474-35B2CF9808E2}.Debug|Any CPU.ActiveCfg = Debug|Any CPU
		{9E1926E7-840E-4F31-B474-35B2CF9808E2}.Debug|Any CPU.Build.0 = Debug|Any CPU
		{9E1926E7-840E-4F31-B474-35B2CF9808E2}.Release|Any CPU.ActiveCfg = Release|Any CPU
		{9E1926E7-840E-4F31-B474-35B2CF9808E2}.Release|Any CPU.Build.0 = Release|Any CPU
		{B262EF32-0F4F-4C50-89AF-952A7526ABE1}.Debug|Any CPU.ActiveCfg = Debug|Any CPU
		{B262EF32-0F4F-4C50-89AF-952A7526ABE1}.Debug|Any CPU.Build.0 = Debug|Any CPU
		{B262EF32-0F4F-4C50-89AF-952A7526ABE1}.Release|Any CPU.ActiveCfg = Release|Any CPU
		{B262EF32-0F4F-4C50-89AF-952A7526ABE1}.Release|Any CPU.Build.0 = Release|Any CPU
		{60232C01-2216-44E8-AF88-A726C9AFC8D1}.Debug|Any CPU.ActiveCfg = Debug|Any CPU
		{60232C01-2216-44E8-AF88-A726C9AFC8D1}.Debug|Any CPU.Build.0 = Debug|Any CPU
		{60232C01-2216-44E8-AF88-A726C9AFC8D1}.Release|Any CPU.ActiveCfg = Release|Any CPU
		{60232C01-2216-44E8-AF88-A726C9AFC8D1}.Release|Any CPU.Build.0 = Release|Any CPU
		{D49F0909-B7F4-48B7-B691-CF13E5A4890C}.Debug|Any CPU.ActiveCfg = Debug|Any CPU
		{D49F0909-B7F4-48B7-B691-CF13E5A4890C}.Debug|Any CPU.Build.0 = Debug|Any CPU
		{D49F0909-B7F4-48B7-B691-CF13E5A4890C}.Release|Any CPU.ActiveCfg = Release|Any CPU
		{D49F0909-B7F4-48B7-B691-CF13E5A4890C}.Release|Any CPU.Build.0 = Release|Any CPU
		{25C99C09-44D6-435A-B320-6B1669697A4B}.Debug|Any CPU.ActiveCfg = Debug|Any CPU
		{25C99C09-44D6-435A-B320-6B1669697A4B}.Debug|Any CPU.Build.0 = Debug|Any CPU
		{25C99C09-44D6-435A-B320-6B1669697A4B}.Release|Any CPU.ActiveCfg = Release|Any CPU
		{25C99C09-44D6-435A-B320-6B1669697A4B}.Release|Any CPU.Build.0 = Release|Any CPU
		{BA3CC861-EC8C-4BF1-9E6A-DF54611C81D8}.Debug|Any CPU.ActiveCfg = Debug|Any CPU
		{BA3CC861-EC8C-4BF1-9E6A-DF54611C81D8}.Debug|Any CPU.Build.0 = Debug|Any CPU
		{BA3CC861-EC8C-4BF1-9E6A-DF54611C81D8}.Release|Any CPU.ActiveCfg = Release|Any CPU
		{BA3CC861-EC8C-4BF1-9E6A-DF54611C81D8}.Release|Any CPU.Build.0 = Release|Any CPU
	EndGlobalSection
	GlobalSection(SolutionProperties) = preSolution
		HideSolutionNode = FALSE
	EndGlobalSection
	GlobalSection(NestedProjects) = preSolution
		{17752A6C-2C65-4117-8E58-E4557561ABCA} = {C8503B37-6CE0-413D-A46E-1C0A22E93C2F}
		{8D353A1A-EDC4-41A3-83DA-EEF06476B3CF} = {C8503B37-6CE0-413D-A46E-1C0A22E93C2F}
		{C6524F4D-98E6-4EE1-AD3F-3AD8BA5DA390} = {C8503B37-6CE0-413D-A46E-1C0A22E93C2F}
		{E2FE3F36-7245-4144-90F5-6563BE65564F} = {C8503B37-6CE0-413D-A46E-1C0A22E93C2F}
		{3ABF816B-76D1-4C98-8A17-7DC334B2DA19} = {70222ACF-213D-44F2-B699-2CDD2AEA6803}
		{78FBF40A-E21D-4A59-ABD7-A2D002FA63EF} = {70222ACF-213D-44F2-B699-2CDD2AEA6803}
		{9E1926E7-840E-4F31-B474-35B2CF9808E2} = {70222ACF-213D-44F2-B699-2CDD2AEA6803}
		{B262EF32-0F4F-4C50-89AF-952A7526ABE1} = {70222ACF-213D-44F2-B699-2CDD2AEA6803}
		{60232C01-2216-44E8-AF88-A726C9AFC8D1} = {70222ACF-213D-44F2-B699-2CDD2AEA6803}
		{D49F0909-B7F4-48B7-B691-CF13E5A4890C} = {70222ACF-213D-44F2-B699-2CDD2AEA6803}
		{25C99C09-44D6-435A-B320-6B1669697A4B} = {70222ACF-213D-44F2-B699-2CDD2AEA6803}
		{BA3CC861-EC8C-4BF1-9E6A-DF54611C81D8} = {70222ACF-213D-44F2-B699-2CDD2AEA6803}
	EndGlobalSection
	GlobalSection(ExtensibilityGlobals) = postSolution
		SolutionGuid = {B60BB2A9-B3F7-4E84-A43F-4F05F3C6EB49}
	EndGlobalSection
EndGlobal
